// !$*UTF8*$!
{
	archiveVersion = 1;
	classes = {
	};
	objectVersion = 46;
	objects = {

/* Begin PBXBuildFile section */
		0CCC455C1598701C00D5FC0D /* UIKit.framework in Frameworks */ = {isa = PBXBuildFile; fileRef = 0CCC455B1598701C00D5FC0D /* UIKit.framework */; };
		0CCC455E1598701C00D5FC0D /* Foundation.framework in Frameworks */ = {isa = PBXBuildFile; fileRef = 0CCC455D1598701C00D5FC0D /* Foundation.framework */; };
		0CCC45601598701C00D5FC0D /* CoreGraphics.framework in Frameworks */ = {isa = PBXBuildFile; fileRef = 0CCC455F1598701C00D5FC0D /* CoreGraphics.framework */; };
		0CCC45661598701C00D5FC0D /* InfoPlist.strings in Resources */ = {isa = PBXBuildFile; fileRef = 0CCC45641598701C00D5FC0D /* InfoPlist.strings */; };
		0CCC45681598701C00D5FC0D /* main.m in Sources */ = {isa = PBXBuildFile; fileRef = 0CCC45671598701C00D5FC0D /* main.m */; };
		0CCC456C1598701C00D5FC0D /* AppDelegate.m in Sources */ = {isa = PBXBuildFile; fileRef = 0CCC456B1598701C00D5FC0D /* AppDelegate.m */; };
		0CCC456F1598701C00D5FC0D /* ViewController.m in Sources */ = {isa = PBXBuildFile; fileRef = 0CCC456E1598701C00D5FC0D /* ViewController.m */; };
		0CCC45721598701C00D5FC0D /* ViewController.xib in Resources */ = {isa = PBXBuildFile; fileRef = 0CCC45701598701C00D5FC0D /* ViewController.xib */; };
		0CCC457E159870CE00D5FC0D /* GridMonitor.m in Sources */ = {isa = PBXBuildFile; fileRef = 0CCC457D159870CE00D5FC0D /* GridMonitor.m */; };
/* End PBXBuildFile section */

/* Begin PBXFileReference section */
		0CCC45571598701C00D5FC0D /* Kettle.app */ = {isa = PBXFileReference; explicitFileType = wrapper.application; includeInIndex = 0; path = Kettle.app; sourceTree = BUILT_PRODUCTS_DIR; };
		0CCC455B1598701C00D5FC0D /* UIKit.framework */ = {isa = PBXFileReference; lastKnownFileType = wrapper.framework; name = UIKit.framework; path = System/Library/Frameworks/UIKit.framework; sourceTree = SDKROOT; };
		0CCC455D1598701C00D5FC0D /* Foundation.framework */ = {isa = PBXFileReference; lastKnownFileType = wrapper.framework; name = Foundation.framework; path = System/Library/Frameworks/Foundation.framework; sourceTree = SDKROOT; };
		0CCC455F1598701C00D5FC0D /* CoreGraphics.framework */ = {isa = PBXFileReference; lastKnownFileType = wrapper.framework; name = CoreGraphics.framework; path = System/Library/Frameworks/CoreGraphics.framework; sourceTree = SDKROOT; };
		0CCC45631598701C00D5FC0D /* Kettle-Info.plist */ = {isa = PBXFileReference; lastKnownFileType = text.plist.xml; path = "Kettle-Info.plist"; sourceTree = "<group>"; };
		0CCC45651598701C00D5FC0D /* en */ = {isa = PBXFileReference; lastKnownFileType = text.plist.strings; name = en; path = en.lproj/InfoPlist.strings; sourceTree = "<group>"; };
		0CCC45671598701C00D5FC0D /* main.m */ = {isa = PBXFileReference; lastKnownFileType = sourcecode.c.objc; path = main.m; sourceTree = "<group>"; };
		0CCC45691598701C00D5FC0D /* Kettle-Prefix.pch */ = {isa = PBXFileReference; lastKnownFileType = sourcecode.c.h; path = "Kettle-Prefix.pch"; sourceTree = "<group>"; };
		0CCC456A1598701C00D5FC0D /* AppDelegate.h */ = {isa = PBXFileReference; lastKnownFileType = sourcecode.c.h; path = AppDelegate.h; sourceTree = "<group>"; };
		0CCC456B1598701C00D5FC0D /* AppDelegate.m */ = {isa = PBXFileReference; lastKnownFileType = sourcecode.c.objc; path = AppDelegate.m; sourceTree = "<group>"; };
		0CCC456D1598701C00D5FC0D /* ViewController.h */ = {isa = PBXFileReference; lastKnownFileType = sourcecode.c.h; path = ViewController.h; sourceTree = "<group>"; };
		0CCC456E1598701C00D5FC0D /* ViewController.m */ = {isa = PBXFileReference; lastKnownFileType = sourcecode.c.objc; path = ViewController.m; sourceTree = "<group>"; };
		0CCC45711598701C00D5FC0D /* en */ = {isa = PBXFileReference; lastKnownFileType = file.xib; name = en; path = en.lproj/ViewController.xib; sourceTree = "<group>"; };
		0CCC457C159870CE00D5FC0D /* GridMonitor.h */ = {isa = PBXFileReference; fileEncoding = 4; lastKnownFileType = sourcecode.c.h; path = GridMonitor.h; sourceTree = "<group>"; };
		0CCC457D159870CE00D5FC0D /* GridMonitor.m */ = {isa = PBXFileReference; fileEncoding = 4; lastKnownFileType = sourcecode.c.objc; path = GridMonitor.m; sourceTree = "<group>"; };
/* End PBXFileReference section */

/* Begin PBXFrameworksBuildPhase section */
		0CCC45541598701C00D5FC0D /* Frameworks */ = {
			isa = PBXFrameworksBuildPhase;
			buildActionMask = 2147483647;
			files = (
				0CCC455C1598701C00D5FC0D /* UIKit.framework in Frameworks */,
				0CCC455E1598701C00D5FC0D /* Foundation.framework in Frameworks */,
				0CCC45601598701C00D5FC0D /* CoreGraphics.framework in Frameworks */,
			);
			runOnlyForDeploymentPostprocessing = 0;
		};
/* End PBXFrameworksBuildPhase section */

/* Begin PBXGroup section */
		0CCC454C1598701C00D5FC0D = {
			isa = PBXGroup;
			children = (
				0CCC45611598701C00D5FC0D /* Kettle */,
				0CCC455A1598701C00D5FC0D /* Frameworks */,
				0CCC45581598701C00D5FC0D /* Products */,
			);
			sourceTree = "<group>";
		};
		0CCC45581598701C00D5FC0D /* Products */ = {
			isa = PBXGroup;
			children = (
				0CCC45571598701C00D5FC0D /* Kettle.app */,
			);
			name = Products;
			sourceTree = "<group>";
		};
		0CCC455A1598701C00D5FC0D /* Frameworks */ = {
			isa = PBXGroup;
			children = (
				0CCC455B1598701C00D5FC0D /* UIKit.framework */,
				0CCC455D1598701C00D5FC0D /* Foundation.framework */,
				0CCC455F1598701C00D5FC0D /* CoreGraphics.framework */,
			);
			name = Frameworks;
			sourceTree = "<group>";
		};
		0CCC45611598701C00D5FC0D /* Kettle */ = {
			isa = PBXGroup;
			children = (
				0CCC457C159870CE00D5FC0D /* GridMonitor.h */,
				0CCC457D159870CE00D5FC0D /* GridMonitor.m */,
				0CCC456A1598701C00D5FC0D /* AppDelegate.h */,
				0CCC456B1598701C00D5FC0D /* AppDelegate.m */,
				0CCC456D1598701C00D5FC0D /* ViewController.h */,
				0CCC456E1598701C00D5FC0D /* ViewController.m */,
				0CCC45701598701C00D5FC0D /* ViewController.xib */,
				0CCC45621598701C00D5FC0D /* Supporting Files */,
			);
			path = Kettle;
			sourceTree = "<group>";
		};
		0CCC45621598701C00D5FC0D /* Supporting Files */ = {
			isa = PBXGroup;
			children = (
				0CCC45631598701C00D5FC0D /* Kettle-Info.plist */,
				0CCC45641598701C00D5FC0D /* InfoPlist.strings */,
				0CCC45671598701C00D5FC0D /* main.m */,
				0CCC45691598701C00D5FC0D /* Kettle-Prefix.pch */,
			);
			name = "Supporting Files";
			sourceTree = "<group>";
		};
/* End PBXGroup section */

/* Begin PBXNativeTarget section */
		0CCC45561598701C00D5FC0D /* Kettle */ = {
			isa = PBXNativeTarget;
			buildConfigurationList = 0CCC45751598701C00D5FC0D /* Build configuration list for PBXNativeTarget "Kettle" */;
			buildPhases = (
				0CCC45531598701C00D5FC0D /* Sources */,
				0CCC45541598701C00D5FC0D /* Frameworks */,
				0CCC45551598701C00D5FC0D /* Resources */,
			);
			buildRules = (
			);
			dependencies = (
			);
			name = Kettle;
			productName = Kettle;
			productReference = 0CCC45571598701C00D5FC0D /* Kettle.app */;
			productType = "com.apple.product-type.application";
		};
/* End PBXNativeTarget section */

/* Begin PBXProject section */
		0CCC454E1598701C00D5FC0D /* Project object */ = {
			isa = PBXProject;
			attributes = {
				LastUpgradeCheck = 0430;
				ORGANIZATIONNAME = Kle.io;
			};
			buildConfigurationList = 0CCC45511598701C00D5FC0D /* Build configuration list for PBXProject "Kettle" */;
			compatibilityVersion = "Xcode 3.2";
			developmentRegion = English;
			hasScannedForEncodings = 0;
			knownRegions = (
				en,
			);
			mainGroup = 0CCC454C1598701C00D5FC0D;
			productRefGroup = 0CCC45581598701C00D5FC0D /* Products */;
			projectDirPath = "";
			projectRoot = "";
			targets = (
				0CCC45561598701C00D5FC0D /* Kettle */,
			);
		};
/* End PBXProject section */

/* Begin PBXResourcesBuildPhase section */
		0CCC45551598701C00D5FC0D /* Resources */ = {
			isa = PBXResourcesBuildPhase;
			buildActionMask = 2147483647;
			files = (
				0CCC45661598701C00D5FC0D /* InfoPlist.strings in Resources */,
				0CCC45721598701C00D5FC0D /* ViewController.xib in Resources */,
			);
			runOnlyForDeploymentPostprocessing = 0;
		};
/* End PBXResourcesBuildPhase section */

/* Begin PBXSourcesBuildPhase section */
		0CCC45531598701C00D5FC0D /* Sources */ = {
			isa = PBXSourcesBuildPhase;
			buildActionMask = 2147483647;
			files = (
				0CCC45681598701C00D5FC0D /* main.m in Sources */,
				0CCC456C1598701C00D5FC0D /* AppDelegate.m in Sources */,
				0CCC456F1598701C00D5FC0D /* ViewController.m in Sources */,
				0CCC457E159870CE00D5FC0D /* GridMonitor.m in Sources */,
			);
			runOnlyForDeploymentPostprocessing = 0;
		};
/* End PBXSourcesBuildPhase section */

/* Begin PBXVariantGroup section */
		0CCC45641598701C00D5FC0D /* InfoPlist.strings */ = {
			isa = PBXVariantGroup;
			children = (
				0CCC45651598701C00D5FC0D /* en */,
			);
			name = InfoPlist.strings;
			sourceTree = "<group>";
		};
		0CCC45701598701C00D5FC0D /* ViewController.xib */ = {
			isa = PBXVariantGroup;
			children = (
				0CCC45711598701C00D5FC0D /* en */,
			);
			name = ViewController.xib;
			sourceTree = "<group>";
		};
/* End PBXVariantGroup section */

/* Begin XCBuildConfiguration section */
		0CCC45731598701C00D5FC0D /* Debug */ = {
			isa = XCBuildConfiguration;
			buildSettings = {
				ALWAYS_SEARCH_USER_PATHS = NO;
				ARCHS = "$(ARCHS_STANDARD_32_BIT)";
				CLANG_ENABLE_OBJC_ARC = YES;
				"CODE_SIGN_IDENTITY[sdk=iphoneos*]" = "iPhone Developer";
				COPY_PHASE_STRIP = NO;
				GCC_C_LANGUAGE_STANDARD = gnu99;
				GCC_DYNAMIC_NO_PIC = NO;
				GCC_OPTIMIZATION_LEVEL = 0;
				GCC_PREPROCESSOR_DEFINITIONS = (
					"DEBUG=1",
					"$(inherited)",
				);
				GCC_SYMBOLS_PRIVATE_EXTERN = NO;
				GCC_VERSION = com.apple.compilers.llvm.clang.1_0;
				GCC_WARN_ABOUT_RETURN_TYPE = YES;
				GCC_WARN_UNINITIALIZED_AUTOS = YES;
				GCC_WARN_UNUSED_VARIABLE = YES;
				IPHONEOS_DEPLOYMENT_TARGET = 5.1;
				SDKROOT = iphoneos;
			};
			name = Debug;
		};
		0CCC45741598701C00D5FC0D /* Release */ = {
			isa = XCBuildConfiguration;
			buildSettings = {
				ALWAYS_SEARCH_USER_PATHS = NO;
				ARCHS = "$(ARCHS_STANDARD_32_BIT)";
				CLANG_ENABLE_OBJC_ARC = YES;
				"CODE_SIGN_IDENTITY[sdk=iphoneos*]" = "iPhone Developer";
				COPY_PHASE_STRIP = YES;
				GCC_C_LANGUAGE_STANDARD = gnu99;
				GCC_VERSION = com.apple.compilers.llvm.clang.1_0;
				GCC_WARN_ABOUT_RETURN_TYPE = YES;
				GCC_WARN_UNINITIALIZED_AUTOS = YES;
				GCC_WARN_UNUSED_VARIABLE = YES;
				IPHONEOS_DEPLOYMENT_TARGET = 5.1;
				OTHER_CFLAGS = "-DNS_BLOCK_ASSERTIONS=1";
				SDKROOT = iphoneos;
				VALIDATE_PRODUCT = YES;
			};
			name = Release;
		};
		0CCC45761598701C00D5FC0D /* Debug */ = {
			isa = XCBuildConfiguration;
			buildSettings = {
				GCC_PRECOMPILE_PREFIX_HEADER = YES;
				GCC_PREFIX_HEADER = "Kettle/Kettle-Prefix.pch";
				INFOPLIST_FILE = "Kettle/Kettle-Info.plist";
				PRODUCT_NAME = "$(TARGET_NAME)";
				WRAPPER_EXTENSION = app;
			};
			name = Debug;
		};
		0CCC45771598701C00D5FC0D /* Release */ = {
			isa = XCBuildConfiguration;
			buildSettings = {
				GCC_PRECOMPILE_PREFIX_HEADER = YES;
				GCC_PREFIX_HEADER = "Kettle/Kettle-Prefix.pch";
				INFOPLIST_FILE = "Kettle/Kettle-Info.plist";
				PRODUCT_NAME = "$(TARGET_NAME)";
				WRAPPER_EXTENSION = app;
			};
			name = Release;
		};
/* End XCBuildConfiguration section */

/* Begin XCConfigurationList section */
		0CCC45511598701C00D5FC0D /* Build configuration list for PBXProject "Kettle" */ = {
			isa = XCConfigurationList;
			buildConfigurations = (
				0CCC45731598701C00D5FC0D /* Debug */,
				0CCC45741598701C00D5FC0D /* Release */,
			);
			defaultConfigurationIsVisible = 0;
			defaultConfigurationName = Release;
		};
		0CCC45751598701C00D5FC0D /* Build configuration list for PBXNativeTarget "Kettle" */ = {
			isa = XCConfigurationList;
			buildConfigurations = (
				0CCC45761598701C00D5FC0D /* Debug */,
				0CCC45771598701C00D5FC0D /* Release */,
			);
			defaultConfigurationIsVisible = 0;
			defaultConfigurationName = Release;
		};
/* End XCConfigurationList section */
	};
	rootObject = 0CCC454E1598701C00D5FC0D /* Project object */;
}
