// !$*UTF8*$!
{
	archiveVersion = 1;
	classes = {
	};
	objectVersion = 46;
	objects = {

/* Begin PBXBuildFile section */
		0CCC451215985C3B00D5FC0D /* UIKit.framework in Frameworks */ = {isa = PBXBuildFile; fileRef = 0CCC451115985C3B00D5FC0D /* UIKit.framework */; };
		0CCC451415985C3B00D5FC0D /* Foundation.framework in Frameworks */ = {isa = PBXBuildFile; fileRef = 0CCC451315985C3B00D5FC0D /* Foundation.framework */; };
		0CCC451615985C3B00D5FC0D /* CoreGraphics.framework in Frameworks */ = {isa = PBXBuildFile; fileRef = 0CCC451515985C3B00D5FC0D /* CoreGraphics.framework */; };
		0CCC451C15985C3B00D5FC0D /* InfoPlist.strings in Resources */ = {isa = PBXBuildFile; fileRef = 0CCC451A15985C3B00D5FC0D /* InfoPlist.strings */; };
		0CCC451E15985C3B00D5FC0D /* main.m in Sources */ = {isa = PBXBuildFile; fileRef = 0CCC451D15985C3B00D5FC0D /* main.m */; };
		0CCC452215985C3B00D5FC0D /* AppDelegate.m in Sources */ = {isa = PBXBuildFile; fileRef = 0CCC452115985C3B00D5FC0D /* AppDelegate.m */; };
		0CCC452515985C3B00D5FC0D /* ViewController.m in Sources */ = {isa = PBXBuildFile; fileRef = 0CCC452415985C3B00D5FC0D /* ViewController.m */; };
		0CCC452815985C3B00D5FC0D /* ViewController.xib in Resources */ = {isa = PBXBuildFile; fileRef = 0CCC452615985C3B00D5FC0D /* ViewController.xib */; };
		0CCC45461598697700D5FC0D /* green.png in Resources */ = {isa = PBXBuildFile; fileRef = 0CCC45431598697700D5FC0D /* green.png */; };
		0CCC45471598697700D5FC0D /* grey.png in Resources */ = {isa = PBXBuildFile; fileRef = 0CCC45441598697700D5FC0D /* grey.png */; };
		0CCC45481598697700D5FC0D /* red.png in Resources */ = {isa = PBXBuildFile; fileRef = 0CCC45451598697700D5FC0D /* red.png */; };
		0CCC454B15986A9F00D5FC0D /* GridMonitor.m in Sources */ = {isa = PBXBuildFile; fileRef = 0CCC454A15986A9F00D5FC0D /* GridMonitor.m */; };
/* End PBXBuildFile section */

/* Begin PBXFileReference section */
		0CCC450D15985C3B00D5FC0D /* KettleBackup.app */ = {isa = PBXFileReference; explicitFileType = wrapper.application; includeInIndex = 0; path = KettleBackup.app; sourceTree = BUILT_PRODUCTS_DIR; };
		0CCC451115985C3B00D5FC0D /* UIKit.framework */ = {isa = PBXFileReference; lastKnownFileType = wrapper.framework; name = UIKit.framework; path = System/Library/Frameworks/UIKit.framework; sourceTree = SDKROOT; };
		0CCC451315985C3B00D5FC0D /* Foundation.framework */ = {isa = PBXFileReference; lastKnownFileType = wrapper.framework; name = Foundation.framework; path = System/Library/Frameworks/Foundation.framework; sourceTree = SDKROOT; };
		0CCC451515985C3B00D5FC0D /* CoreGraphics.framework */ = {isa = PBXFileReference; lastKnownFileType = wrapper.framework; name = CoreGraphics.framework; path = System/Library/Frameworks/CoreGraphics.framework; sourceTree = SDKROOT; };
		0CCC451915985C3B00D5FC0D /* KettleBackup-Info.plist */ = {isa = PBXFileReference; lastKnownFileType = text.plist.xml; path = "KettleBackup-Info.plist"; sourceTree = "<group>"; };
		0CCC451B15985C3B00D5FC0D /* en */ = {isa = PBXFileReference; lastKnownFileType = text.plist.strings; name = en; path = en.lproj/InfoPlist.strings; sourceTree = "<group>"; };
		0CCC451D15985C3B00D5FC0D /* main.m */ = {isa = PBXFileReference; lastKnownFileType = sourcecode.c.objc; path = main.m; sourceTree = "<group>"; };
		0CCC451F15985C3B00D5FC0D /* KettleBackup-Prefix.pch */ = {isa = PBXFileReference; lastKnownFileType = sourcecode.c.h; path = "KettleBackup-Prefix.pch"; sourceTree = "<group>"; };
		0CCC452015985C3B00D5FC0D /* AppDelegate.h */ = {isa = PBXFileReference; lastKnownFileType = sourcecode.c.h; path = AppDelegate.h; sourceTree = "<group>"; };
		0CCC452115985C3B00D5FC0D /* AppDelegate.m */ = {isa = PBXFileReference; lastKnownFileType = sourcecode.c.objc; path = AppDelegate.m; sourceTree = "<group>"; };
		0CCC452315985C3B00D5FC0D /* ViewController.h */ = {isa = PBXFileReference; lastKnownFileType = sourcecode.c.h; path = ViewController.h; sourceTree = "<group>"; };
		0CCC452415985C3B00D5FC0D /* ViewController.m */ = {isa = PBXFileReference; lastKnownFileType = sourcecode.c.objc; path = ViewController.m; sourceTree = "<group>"; };
		0CCC452715985C3B00D5FC0D /* en */ = {isa = PBXFileReference; lastKnownFileType = file.xib; name = en; path = en.lproj/ViewController.xib; sourceTree = "<group>"; };
		0CCC45431598697700D5FC0D /* green.png */ = {isa = PBXFileReference; lastKnownFileType = image.png; path = green.png; sourceTree = "<group>"; };
		0CCC45441598697700D5FC0D /* grey.png */ = {isa = PBXFileReference; lastKnownFileType = image.png; path = grey.png; sourceTree = "<group>"; };
		0CCC45451598697700D5FC0D /* red.png */ = {isa = PBXFileReference; lastKnownFileType = image.png; path = red.png; sourceTree = "<group>"; };
		0CCC454915986A9F00D5FC0D /* GridMonitor.h */ = {isa = PBXFileReference; fileEncoding = 4; lastKnownFileType = sourcecode.c.h; path = GridMonitor.h; sourceTree = "<group>"; };
		0CCC454A15986A9F00D5FC0D /* GridMonitor.m */ = {isa = PBXFileReference; fileEncoding = 4; lastKnownFileType = sourcecode.c.objc; path = GridMonitor.m; sourceTree = "<group>"; };
/* End PBXFileReference section */

/* Begin PBXFrameworksBuildPhase section */
		0CCC450A15985C3B00D5FC0D /* Frameworks */ = {
			isa = PBXFrameworksBuildPhase;
			buildActionMask = 2147483647;
			files = (
				0CCC451215985C3B00D5FC0D /* UIKit.framework in Frameworks */,
				0CCC451415985C3B00D5FC0D /* Foundation.framework in Frameworks */,
				0CCC451615985C3B00D5FC0D /* CoreGraphics.framework in Frameworks */,
			);
			runOnlyForDeploymentPostprocessing = 0;
		};
/* End PBXFrameworksBuildPhase section */

/* Begin PBXGroup section */
		0CCC450215985C3B00D5FC0D = {
			isa = PBXGroup;
			children = (
				0CCC451715985C3B00D5FC0D /* KettleBackup */,
				0CCC451015985C3B00D5FC0D /* Frameworks */,
				0CCC450E15985C3B00D5FC0D /* Products */,
			);
			sourceTree = "<group>";
		};
		0CCC450E15985C3B00D5FC0D /* Products */ = {
			isa = PBXGroup;
			children = (
				0CCC450D15985C3B00D5FC0D /* KettleBackup.app */,
			);
			name = Products;
			sourceTree = "<group>";
		};
		0CCC451015985C3B00D5FC0D /* Frameworks */ = {
			isa = PBXGroup;
			children = (
				0CCC451115985C3B00D5FC0D /* UIKit.framework */,
				0CCC451315985C3B00D5FC0D /* Foundation.framework */,
				0CCC451515985C3B00D5FC0D /* CoreGraphics.framework */,
			);
			name = Frameworks;
			sourceTree = "<group>";
		};
		0CCC451715985C3B00D5FC0D /* KettleBackup */ = {
			isa = PBXGroup;
			children = (
				0CCC454915986A9F00D5FC0D /* GridMonitor.h */,
				0CCC454A15986A9F00D5FC0D /* GridMonitor.m */,
				0CCC452015985C3B00D5FC0D /* AppDelegate.h */,
				0CCC452115985C3B00D5FC0D /* AppDelegate.m */,
				0CCC452315985C3B00D5FC0D /* ViewController.h */,
				0CCC452415985C3B00D5FC0D /* ViewController.m */,
				0CCC452615985C3B00D5FC0D /* ViewController.xib */,
				0CCC451815985C3B00D5FC0D /* Supporting Files */,
			);
			path = KettleBackup;
			sourceTree = "<group>";
		};
		0CCC451815985C3B00D5FC0D /* Supporting Files */ = {
			isa = PBXGroup;
			children = (
				0CCC45431598697700D5FC0D /* green.png */,
				0CCC45441598697700D5FC0D /* grey.png */,
				0CCC45451598697700D5FC0D /* red.png */,
				0CCC451915985C3B00D5FC0D /* KettleBackup-Info.plist */,
				0CCC451A15985C3B00D5FC0D /* InfoPlist.strings */,
				0CCC451D15985C3B00D5FC0D /* main.m */,
				0CCC451F15985C3B00D5FC0D /* KettleBackup-Prefix.pch */,
			);
			name = "Supporting Files";
			sourceTree = "<group>";
		};
/* End PBXGroup section */

/* Begin PBXNativeTarget section */
		0CCC450C15985C3B00D5FC0D /* KettleBackup */ = {
			isa = PBXNativeTarget;
			buildConfigurationList = 0CCC452B15985C3B00D5FC0D /* Build configuration list for PBXNativeTarget "KettleBackup" */;
			buildPhases = (
				0CCC450915985C3B00D5FC0D /* Sources */,
				0CCC450A15985C3B00D5FC0D /* Frameworks */,
				0CCC450B15985C3B00D5FC0D /* Resources */,
			);
			buildRules = (
			);
			dependencies = (
			);
			name = KettleBackup;
			productName = KettleBackup;
			productReference = 0CCC450D15985C3B00D5FC0D /* KettleBackup.app */;
			productType = "com.apple.product-type.application";
		};
/* End PBXNativeTarget section */

/* Begin PBXProject section */
		0CCC450415985C3B00D5FC0D /* Project object */ = {
			isa = PBXProject;
			attributes = {
				LastUpgradeCheck = 0430;
				ORGANIZATIONNAME = Kle.io;
			};
			buildConfigurationList = 0CCC450715985C3B00D5FC0D /* Build configuration list for PBXProject "KettleBackup" */;
			compatibilityVersion = "Xcode 3.2";
			developmentRegion = English;
			hasScannedForEncodings = 0;
			knownRegions = (
				en,
			);
			mainGroup = 0CCC450215985C3B00D5FC0D;
			productRefGroup = 0CCC450E15985C3B00D5FC0D /* Products */;
			projectDirPath = "";
			projectRoot = "";
			targets = (
				0CCC450C15985C3B00D5FC0D /* KettleBackup */,
			);
		};
/* End PBXProject section */

/* Begin PBXResourcesBuildPhase section */
		0CCC450B15985C3B00D5FC0D /* Resources */ = {
			isa = PBXResourcesBuildPhase;
			buildActionMask = 2147483647;
			files = (
				0CCC451C15985C3B00D5FC0D /* InfoPlist.strings in Resources */,
				0CCC452815985C3B00D5FC0D /* ViewController.xib in Resources */,
				0CCC45461598697700D5FC0D /* green.png in Resources */,
				0CCC45471598697700D5FC0D /* grey.png in Resources */,
				0CCC45481598697700D5FC0D /* red.png in Resources */,
			);
			runOnlyForDeploymentPostprocessing = 0;
		};
/* End PBXResourcesBuildPhase section */

/* Begin PBXSourcesBuildPhase section */
		0CCC450915985C3B00D5FC0D /* Sources */ = {
			isa = PBXSourcesBuildPhase;
			buildActionMask = 2147483647;
			files = (
				0CCC451E15985C3B00D5FC0D /* main.m in Sources */,
				0CCC452215985C3B00D5FC0D /* AppDelegate.m in Sources */,
				0CCC452515985C3B00D5FC0D /* ViewController.m in Sources */,
				0CCC454B15986A9F00D5FC0D /* GridMonitor.m in Sources */,
			);
			runOnlyForDeploymentPostprocessing = 0;
		};
/* End PBXSourcesBuildPhase section */

/* Begin PBXVariantGroup section */
		0CCC451A15985C3B00D5FC0D /* InfoPlist.strings */ = {
			isa = PBXVariantGroup;
			children = (
				0CCC451B15985C3B00D5FC0D /* en */,
			);
			name = InfoPlist.strings;
			sourceTree = "<group>";
		};
		0CCC452615985C3B00D5FC0D /* ViewController.xib */ = {
			isa = PBXVariantGroup;
			children = (
				0CCC452715985C3B00D5FC0D /* en */,
			);
			name = ViewController.xib;
			sourceTree = "<group>";
		};
/* End PBXVariantGroup section */

/* Begin XCBuildConfiguration section */
		0CCC452915985C3B00D5FC0D /* Debug */ = {
			isa = XCBuildConfiguration;
			buildSettings = {
				ALWAYS_SEARCH_USER_PATHS = NO;
				ARCHS = "$(ARCHS_STANDARD_32_BIT)";
				CLANG_ENABLE_OBJC_ARC = YES;
				"CODE_SIGN_IDENTITY[sdk=iphoneos*]" = "iPhone Developer";
				COPY_PHASE_STRIP = NO;
				GCC_C_LANGUAGE_STANDARD = gnu99;
				GCC_DYNAMIC_NO_PIC = NO;
				GCC_OPTIMIZATION_LEVEL = 0;
				GCC_PREPROCESSOR_DEFINITIONS = (
					"DEBUG=1",
					"$(inherited)",
				);
				GCC_SYMBOLS_PRIVATE_EXTERN = NO;
				GCC_VERSION = com.apple.compilers.llvm.clang.1_0;
				GCC_WARN_ABOUT_RETURN_TYPE = YES;
				GCC_WARN_UNINITIALIZED_AUTOS = YES;
				GCC_WARN_UNUSED_VARIABLE = YES;
				IPHONEOS_DEPLOYMENT_TARGET = 5.1;
				SDKROOT = iphoneos;
			};
			name = Debug;
		};
		0CCC452A15985C3B00D5FC0D /* Release */ = {
			isa = XCBuildConfiguration;
			buildSettings = {
				ALWAYS_SEARCH_USER_PATHS = NO;
				ARCHS = "$(ARCHS_STANDARD_32_BIT)";
				CLANG_ENABLE_OBJC_ARC = YES;
				"CODE_SIGN_IDENTITY[sdk=iphoneos*]" = "iPhone Developer";
				COPY_PHASE_STRIP = YES;
				GCC_C_LANGUAGE_STANDARD = gnu99;
				GCC_VERSION = com.apple.compilers.llvm.clang.1_0;
				GCC_WARN_ABOUT_RETURN_TYPE = YES;
				GCC_WARN_UNINITIALIZED_AUTOS = YES;
				GCC_WARN_UNUSED_VARIABLE = YES;
				IPHONEOS_DEPLOYMENT_TARGET = 5.1;
				OTHER_CFLAGS = "-DNS_BLOCK_ASSERTIONS=1";
				SDKROOT = iphoneos;
				VALIDATE_PRODUCT = YES;
			};
			name = Release;
		};
		0CCC452C15985C3B00D5FC0D /* Debug */ = {
			isa = XCBuildConfiguration;
			buildSettings = {
				GCC_PRECOMPILE_PREFIX_HEADER = YES;
				GCC_PREFIX_HEADER = "KettleBackup/KettleBackup-Prefix.pch";
				INFOPLIST_FILE = "KettleBackup/KettleBackup-Info.plist";
				PRODUCT_NAME = "$(TARGET_NAME)";
				WRAPPER_EXTENSION = app;
			};
			name = Debug;
		};
		0CCC452D15985C3B00D5FC0D /* Release */ = {
			isa = XCBuildConfiguration;
			buildSettings = {
				GCC_PRECOMPILE_PREFIX_HEADER = YES;
				GCC_PREFIX_HEADER = "KettleBackup/KettleBackup-Prefix.pch";
				INFOPLIST_FILE = "KettleBackup/KettleBackup-Info.plist";
				PRODUCT_NAME = "$(TARGET_NAME)";
				WRAPPER_EXTENSION = app;
			};
			name = Release;
		};
/* End XCBuildConfiguration section */

/* Begin XCConfigurationList section */
		0CCC450715985C3B00D5FC0D /* Build configuration list for PBXProject "KettleBackup" */ = {
			isa = XCConfigurationList;
			buildConfigurations = (
				0CCC452915985C3B00D5FC0D /* Debug */,
				0CCC452A15985C3B00D5FC0D /* Release */,
			);
			defaultConfigurationIsVisible = 0;
			defaultConfigurationName = Release;
		};
		0CCC452B15985C3B00D5FC0D /* Build configuration list for PBXNativeTarget "KettleBackup" */ = {
			isa = XCConfigurationList;
			buildConfigurations = (
				0CCC452C15985C3B00D5FC0D /* Debug */,
				0CCC452D15985C3B00D5FC0D /* Release */,
			);
			defaultConfigurationIsVisible = 0;
		};
/* End XCConfigurationList section */
	};
	rootObject = 0CCC450415985C3B00D5FC0D /* Project object */;
}
